
Microsoft Visual Studio Solution File, Format Version 12.00
# Visual Studio Version 16
VisualStudioVersion = 16.0.32228.343
MinimumVisualStudioVersion = 10.0.40219.1
Project("{FAE04EC0-301F-11D3-BF4B-00C04F79EFBC}") = "QuizGenerator programowanie IV", "QuizGenerator programowanie IV\QuizGenerator programowanie IV.csproj", "{F4D2805C-934F-4F05-BA02-4D361177791C}"
EndProject
Global
	GlobalSection(SolutionConfigurationPlatforms) = preSolution
		Debug|Any CPU = Debug|Any CPU
		Release|Any CPU = Release|Any CPU
	EndGlobalSection
	GlobalSection(ProjectConfigurationPlatforms) = postSolution
		{F4D2805C-934F-4F05-BA02-4D361177791C}.Debug|Any CPU.ActiveCfg = Debug|Any CPU
		{F4D2805C-934F-4F05-BA02-4D361177791C}.Debug|Any CPU.Build.0 = Debug|Any CPU
		{F4D2805C-934F-4F05-BA02-4D361177791C}.Release|Any CPU.ActiveCfg = Release|Any CPU
		{F4D2805C-934F-4F05-BA02-4D361177791C}.Release|Any CPU.Build.0 = Release|Any CPU
	EndGlobalSection
	GlobalSection(SolutionProperties) = preSolution
		HideSolutionNode = FALSE
	EndGlobalSection
	GlobalSection(ExtensibilityGlobals) = postSolution
		SolutionGuid = {47CB9793-2477-494A-8092-2FF33040BD2A}
	EndGlobalSection
EndGlobal
